
Microsoft Visual Studio Solution File, Format Version 12.00
# Visual Studio Version 17
VisualStudioVersion = 17.1.32210.238
MinimumVisualStudioVersion = 10.0.40219.1
Project("{9A19103F-16F7-4668-BE54-9A1E7A4F7556}") = "Ecoinmerce.ExternalApi", "Ecoinmerce.ExternalApi\Ecoinmerce.ExternalApi.csproj", "{35F891CE-1016-41BE-B3DB-9D5280FB680F}"
EndProject
Project("{9A19103F-16F7-4668-BE54-9A1E7A4F7556}") = "Ecoinmerce.InternalApi", "Ecoinmerce.InternalApi\Ecoinmerce.InternalApi.csproj", "{B86D7DF6-A434-4DDB-93DF-FAA354BE4650}"
EndProject
Project("{9A19103F-16F7-4668-BE54-9A1E7A4F7556}") = "Ecoinmerce.Domain", "Ecoinmerce.Domain\Ecoinmerce.Domain.csproj", "{9BBFB27D-C70B-45C4-A22D-6FB4267DB018}"
EndProject
Project("{9A19103F-16F7-4668-BE54-9A1E7A4F7556}") = "Ecoinmerce.Infra.Repository", "Ecoinmerce.Infra.Repository\Ecoinmerce.Infra.Repository.csproj", "{BD5AF242-2FDE-4265-96B5-0916EACEF117}"
EndProject
Project("{9A19103F-16F7-4668-BE54-9A1E7A4F7556}") = "Ecoinmerce.SmartContractSubscriber", "Ecoinmerce.SmartContractSubscriber\Ecoinmerce.SmartContractSubscriber.csproj", "{41BC038F-DC99-41E3-9100-46A4B92F5A71}"
EndProject
Project("{9A19103F-16F7-4668-BE54-9A1E7A4F7556}") = "Ecoinmerce.Infra.MailService", "Ecoinmerce.Infra.MailService\Ecoinmerce.Infra.MailService.csproj", "{E755EA64-F80E-409E-86D3-0240C6EEC37F}"
EndProject
Project("{9A19103F-16F7-4668-BE54-9A1E7A4F7556}") = "Ecoinmerce.Infra.Blockchain", "Ecoinmerce.Infra.Blockchain\Ecoinmerce.Infra.Blockchain.csproj", "{D2DC38E5-3DF2-4C9C-85EC-A4A13BA61A79}"
EndProject
Project("{9A19103F-16F7-4668-BE54-9A1E7A4F7556}") = "Ecoinmerce.SmartContracts", "Ecoinmerce.SmartContracts\Ecoinmerce.SmartContracts.csproj", "{4E7106C2-B628-4DAE-9CBA-F6FA295D47E5}"
EndProject
Project("{9A19103F-16F7-4668-BE54-9A1E7A4F7556}") = "Ecoinmerce.Utils.Json", "Ecoinmerce.Utils.Json\Ecoinmerce.Utils.Json.csproj", "{E0B0277B-3771-4FD0-BB4F-D731CAC764BA}"
EndProject
Project("{2150E333-8FDC-42A3-9474-1A3956D46DE8}") = "Shared", "Shared", "{51357F9D-B5E4-4ADA-A3DB-E09CA5352A0F}"
	ProjectSection(SolutionItems) = preProject
		blockchainSettings.json = blockchainSettings.json
	EndProjectSection
EndProject
Project("{9A19103F-16F7-4668-BE54-9A1E7A4F7556}") = "Ecoinmerce.Utils.FileSystem", "Ecoinmerce.Utils.FileSystem\Ecoinmerce.Utils.FileSystem.csproj", "{3FBAEDF9-5150-4049-8A6F-188C25ABFF76}"
EndProject
Project("{9A19103F-16F7-4668-BE54-9A1E7A4F7556}") = "Ecoinmerce.Application.Services", "Ecoinmerce.Application.Services\Ecoinmerce.Application.Services.csproj", "{D5090C69-1FB3-4836-888A-14E8A6B00DFB}"
EndProject
Project("{9A19103F-16F7-4668-BE54-9A1E7A4F7556}") = "Ecoinmerce.Application.Services.Text", "Ecoinmerce.Application.Services.Text\Ecoinmerce.Application.Services.Text.csproj", "{779F9052-C76A-4B5A-8E83-2FC0F43DA43D}"
EndProject
Project("{9A19103F-16F7-4668-BE54-9A1E7A4F7556}") = "Ecoinmerce.Application.Services.Token", "Ecoinmerce.Application.Services.Token\Ecoinmerce.Application.Services.Token.csproj", "{02D9070A-8D60-4A7F-812A-14586BE5A59B}"
EndProject
Project("{9A19103F-16F7-4668-BE54-9A1E7A4F7556}") = "Ecoinmerce.Application", "Ecoinmerce.Application\Ecoinmerce.Application.csproj", "{09511E11-BA8E-43AF-BDC3-2517C9892C62}"
EndProject
Project("{9A19103F-16F7-4668-BE54-9A1E7A4F7556}") = "Ecoinmerce.Domain.Verter", "Ecoinmerce.Domain.Verter\Ecoinmerce.Domain.Verter.csproj", "{27E02316-0FB2-46BF-88E2-531B3BBBA6E9}"
EndProject
Project("{9A19103F-16F7-4668-BE54-9A1E7A4F7556}") = "Ecoinmerce.Domain.Validators", "Ecoinmerce.Domain.Validators\Ecoinmerce.Domain.Validators.csproj", "{E92862C5-7E7D-4129-B01D-B98A161533E3}"
EndProject
Project("{9A19103F-16F7-4668-BE54-9A1E7A4F7556}") = "Ecoinmerce.Infra.ViaCep", "Ecoinmerce.Infra.ViaCep\Ecoinmerce.Infra.ViaCep.csproj", "{8CC9C6A4-D036-4906-A7B1-BDA221FB4E38}"
EndProject
Project("{9A19103F-16F7-4668-BE54-9A1E7A4F7556}") = "Ecoinmerce.Services.Mapper", "Ecoinmerce.Services.Mapper\Ecoinmerce.Services.Mapper.csproj", "{D5291353-CEC8-4D52-8181-EE7363DF9D66}"
EndProject
Project("{9A19103F-16F7-4668-BE54-9A1E7A4F7556}") = "Ecoinmerce.Services.WalletManager", "Ecoinmerce.Services.WalletManager\Ecoinmerce.Services.WalletManager.csproj", "{DE932572-E70A-4312-B169-EF08219F500A}"
EndProject
Project("{9A19103F-16F7-4668-BE54-9A1E7A4F7556}") = "Ecoinmerce.Infra.Ratings", "Ecoinmerce.Infra.Ratings\Ecoinmerce.Infra.Ratings.csproj", "{610CBB72-76F5-4BF2-A59D-97ED414A9419}"
EndProject
Project("{2150E333-8FDC-42A3-9474-1A3956D46DE8}") = "Storage", "Storage", "{EAC5E15D-3103-44B8-87C1-BE9B77DA8552}"
EndProject
Project("{2150E333-8FDC-42A3-9474-1A3956D46DE8}") = "Midia", "Midia", "{58B99589-C0A8-44A7-8A89-FCA7842CDE96}"
EndProject
Project("{FAE04EC0-301F-11D3-BF4B-00C04F79EFBC}") = "Ecoinmerce.Services.StorageReader", "Ecoinmerce.Services.StorageReader\Ecoinmerce.Services.StorageReader.csproj", "{B97B7D09-0AFF-494D-8B86-B37488490016}"
EndProject
Global
	GlobalSection(SolutionConfigurationPlatforms) = preSolution
		Debug|Any CPU = Debug|Any CPU
		Debug|ARM = Debug|ARM
		Debug|ARM64 = Debug|ARM64
		Debug|x64 = Debug|x64
		Debug|x86 = Debug|x86
		Release|Any CPU = Release|Any CPU
		Release|ARM = Release|ARM
		Release|ARM64 = Release|ARM64
		Release|x64 = Release|x64
		Release|x86 = Release|x86
	EndGlobalSection
	GlobalSection(ProjectConfigurationPlatforms) = postSolution
		{35F891CE-1016-41BE-B3DB-9D5280FB680F}.Debug|Any CPU.ActiveCfg = Debug|Any CPU
		{35F891CE-1016-41BE-B3DB-9D5280FB680F}.Debug|Any CPU.Build.0 = Debug|Any CPU
		{35F891CE-1016-41BE-B3DB-9D5280FB680F}.Debug|ARM.ActiveCfg = Debug|Any CPU
		{35F891CE-1016-41BE-B3DB-9D5280FB680F}.Debug|ARM.Build.0 = Debug|Any CPU
		{35F891CE-1016-41BE-B3DB-9D5280FB680F}.Debug|ARM64.ActiveCfg = Debug|Any CPU
		{35F891CE-1016-41BE-B3DB-9D5280FB680F}.Debug|ARM64.Build.0 = Debug|Any CPU
		{35F891CE-1016-41BE-B3DB-9D5280FB680F}.Debug|x64.ActiveCfg = Debug|Any CPU
		{35F891CE-1016-41BE-B3DB-9D5280FB680F}.Debug|x64.Build.0 = Debug|Any CPU
		{35F891CE-1016-41BE-B3DB-9D5280FB680F}.Debug|x86.ActiveCfg = Debug|Any CPU
		{35F891CE-1016-41BE-B3DB-9D5280FB680F}.Debug|x86.Build.0 = Debug|Any CPU
		{35F891CE-1016-41BE-B3DB-9D5280FB680F}.Release|Any CPU.ActiveCfg = Release|Any CPU
		{35F891CE-1016-41BE-B3DB-9D5280FB680F}.Release|Any CPU.Build.0 = Release|Any CPU
		{35F891CE-1016-41BE-B3DB-9D5280FB680F}.Release|ARM.ActiveCfg = Release|Any CPU
		{35F891CE-1016-41BE-B3DB-9D5280FB680F}.Release|ARM.Build.0 = Release|Any CPU
		{35F891CE-1016-41BE-B3DB-9D5280FB680F}.Release|ARM64.ActiveCfg = Release|Any CPU
		{35F891CE-1016-41BE-B3DB-9D5280FB680F}.Release|ARM64.Build.0 = Release|Any CPU
		{35F891CE-1016-41BE-B3DB-9D5280FB680F}.Release|x64.ActiveCfg = Release|Any CPU
		{35F891CE-1016-41BE-B3DB-9D5280FB680F}.Release|x64.Build.0 = Release|Any CPU
		{35F891CE-1016-41BE-B3DB-9D5280FB680F}.Release|x86.ActiveCfg = Release|Any CPU
		{35F891CE-1016-41BE-B3DB-9D5280FB680F}.Release|x86.Build.0 = Release|Any CPU
		{B86D7DF6-A434-4DDB-93DF-FAA354BE4650}.Debug|Any CPU.ActiveCfg = Debug|Any CPU
		{B86D7DF6-A434-4DDB-93DF-FAA354BE4650}.Debug|Any CPU.Build.0 = Debug|Any CPU
		{B86D7DF6-A434-4DDB-93DF-FAA354BE4650}.Debug|ARM.ActiveCfg = Debug|Any CPU
		{B86D7DF6-A434-4DDB-93DF-FAA354BE4650}.Debug|ARM.Build.0 = Debug|Any CPU
		{B86D7DF6-A434-4DDB-93DF-FAA354BE4650}.Debug|ARM64.ActiveCfg = Debug|Any CPU
		{B86D7DF6-A434-4DDB-93DF-FAA354BE4650}.Debug|ARM64.Build.0 = Debug|Any CPU
		{B86D7DF6-A434-4DDB-93DF-FAA354BE4650}.Debug|x64.ActiveCfg = Debug|Any CPU
		{B86D7DF6-A434-4DDB-93DF-FAA354BE4650}.Debug|x64.Build.0 = Debug|Any CPU
		{B86D7DF6-A434-4DDB-93DF-FAA354BE4650}.Debug|x86.ActiveCfg = Debug|Any CPU
		{B86D7DF6-A434-4DDB-93DF-FAA354BE4650}.Debug|x86.Build.0 = Debug|Any CPU
		{B86D7DF6-A434-4DDB-93DF-FAA354BE4650}.Release|Any CPU.ActiveCfg = Release|Any CPU
		{B86D7DF6-A434-4DDB-93DF-FAA354BE4650}.Release|Any CPU.Build.0 = Release|Any CPU
		{B86D7DF6-A434-4DDB-93DF-FAA354BE4650}.Release|ARM.ActiveCfg = Release|Any CPU
		{B86D7DF6-A434-4DDB-93DF-FAA354BE4650}.Release|ARM.Build.0 = Release|Any CPU
		{B86D7DF6-A434-4DDB-93DF-FAA354BE4650}.Release|ARM64.ActiveCfg = Release|Any CPU
		{B86D7DF6-A434-4DDB-93DF-FAA354BE4650}.Release|ARM64.Build.0 = Release|Any CPU
		{B86D7DF6-A434-4DDB-93DF-FAA354BE4650}.Release|x64.ActiveCfg = Release|Any CPU
		{B86D7DF6-A434-4DDB-93DF-FAA354BE4650}.Release|x64.Build.0 = Release|Any CPU
		{B86D7DF6-A434-4DDB-93DF-FAA354BE4650}.Release|x86.ActiveCfg = Release|Any CPU
		{B86D7DF6-A434-4DDB-93DF-FAA354BE4650}.Release|x86.Build.0 = Release|Any CPU
		{9BBFB27D-C70B-45C4-A22D-6FB4267DB018}.Debug|Any CPU.ActiveCfg = Debug|Any CPU
		{9BBFB27D-C70B-45C4-A22D-6FB4267DB018}.Debug|Any CPU.Build.0 = Debug|Any CPU
		{9BBFB27D-C70B-45C4-A22D-6FB4267DB018}.Debug|ARM.ActiveCfg = Debug|Any CPU
		{9BBFB27D-C70B-45C4-A22D-6FB4267DB018}.Debug|ARM.Build.0 = Debug|Any CPU
		{9BBFB27D-C70B-45C4-A22D-6FB4267DB018}.Debug|ARM64.ActiveCfg = Debug|Any CPU
		{9BBFB27D-C70B-45C4-A22D-6FB4267DB018}.Debug|ARM64.Build.0 = Debug|Any CPU
		{9BBFB27D-C70B-45C4-A22D-6FB4267DB018}.Debug|x64.ActiveCfg = Debug|Any CPU
		{9BBFB27D-C70B-45C4-A22D-6FB4267DB018}.Debug|x64.Build.0 = Debug|Any CPU
		{9BBFB27D-C70B-45C4-A22D-6FB4267DB018}.Debug|x86.ActiveCfg = Debug|Any CPU
		{9BBFB27D-C70B-45C4-A22D-6FB4267DB018}.Debug|x86.Build.0 = Debug|Any CPU
		{9BBFB27D-C70B-45C4-A22D-6FB4267DB018}.Release|Any CPU.ActiveCfg = Release|Any CPU
		{9BBFB27D-C70B-45C4-A22D-6FB4267DB018}.Release|Any CPU.Build.0 = Release|Any CPU
		{9BBFB27D-C70B-45C4-A22D-6FB4267DB018}.Release|ARM.ActiveCfg = Release|Any CPU
		{9BBFB27D-C70B-45C4-A22D-6FB4267DB018}.Release|ARM.Build.0 = Release|Any CPU
		{9BBFB27D-C70B-45C4-A22D-6FB4267DB018}.Release|ARM64.ActiveCfg = Release|Any CPU
		{9BBFB27D-C70B-45C4-A22D-6FB4267DB018}.Release|ARM64.Build.0 = Release|Any CPU
		{9BBFB27D-C70B-45C4-A22D-6FB4267DB018}.Release|x64.ActiveCfg = Release|Any CPU
		{9BBFB27D-C70B-45C4-A22D-6FB4267DB018}.Release|x64.Build.0 = Release|Any CPU
		{9BBFB27D-C70B-45C4-A22D-6FB4267DB018}.Release|x86.ActiveCfg = Release|Any CPU
		{9BBFB27D-C70B-45C4-A22D-6FB4267DB018}.Release|x86.Build.0 = Release|Any CPU
		{BD5AF242-2FDE-4265-96B5-0916EACEF117}.Debug|Any CPU.ActiveCfg = Debug|Any CPU
		{BD5AF242-2FDE-4265-96B5-0916EACEF117}.Debug|Any CPU.Build.0 = Debug|Any CPU
		{BD5AF242-2FDE-4265-96B5-0916EACEF117}.Debug|ARM.ActiveCfg = Debug|Any CPU
		{BD5AF242-2FDE-4265-96B5-0916EACEF117}.Debug|ARM.Build.0 = Debug|Any CPU
		{BD5AF242-2FDE-4265-96B5-0916EACEF117}.Debug|ARM64.ActiveCfg = Debug|Any CPU
		{BD5AF242-2FDE-4265-96B5-0916EACEF117}.Debug|ARM64.Build.0 = Debug|Any CPU
		{BD5AF242-2FDE-4265-96B5-0916EACEF117}.Debug|x64.ActiveCfg = Debug|Any CPU
		{BD5AF242-2FDE-4265-96B5-0916EACEF117}.Debug|x64.Build.0 = Debug|Any CPU
		{BD5AF242-2FDE-4265-96B5-0916EACEF117}.Debug|x86.ActiveCfg = Debug|Any CPU
		{BD5AF242-2FDE-4265-96B5-0916EACEF117}.Debug|x86.Build.0 = Debug|Any CPU
		{BD5AF242-2FDE-4265-96B5-0916EACEF117}.Release|Any CPU.ActiveCfg = Release|Any CPU
		{BD5AF242-2FDE-4265-96B5-0916EACEF117}.Release|Any CPU.Build.0 = Release|Any CPU
		{BD5AF242-2FDE-4265-96B5-0916EACEF117}.Release|ARM.ActiveCfg = Release|Any CPU
		{BD5AF242-2FDE-4265-96B5-0916EACEF117}.Release|ARM.Build.0 = Release|Any CPU
		{BD5AF242-2FDE-4265-96B5-0916EACEF117}.Release|ARM64.ActiveCfg = Release|Any CPU
		{BD5AF242-2FDE-4265-96B5-0916EACEF117}.Release|ARM64.Build.0 = Release|Any CPU
		{BD5AF242-2FDE-4265-96B5-0916EACEF117}.Release|x64.ActiveCfg = Release|Any CPU
		{BD5AF242-2FDE-4265-96B5-0916EACEF117}.Release|x64.Build.0 = Release|Any CPU
		{BD5AF242-2FDE-4265-96B5-0916EACEF117}.Release|x86.ActiveCfg = Release|Any CPU
		{BD5AF242-2FDE-4265-96B5-0916EACEF117}.Release|x86.Build.0 = Release|Any CPU
		{41BC038F-DC99-41E3-9100-46A4B92F5A71}.Debug|Any CPU.ActiveCfg = Debug|Any CPU
		{41BC038F-DC99-41E3-9100-46A4B92F5A71}.Debug|Any CPU.Build.0 = Debug|Any CPU
		{41BC038F-DC99-41E3-9100-46A4B92F5A71}.Debug|ARM.ActiveCfg = Debug|Any CPU
		{41BC038F-DC99-41E3-9100-46A4B92F5A71}.Debug|ARM.Build.0 = Debug|Any CPU
		{41BC038F-DC99-41E3-9100-46A4B92F5A71}.Debug|ARM64.ActiveCfg = Debug|Any CPU
		{41BC038F-DC99-41E3-9100-46A4B92F5A71}.Debug|ARM64.Build.0 = Debug|Any CPU
		{41BC038F-DC99-41E3-9100-46A4B92F5A71}.Debug|x64.ActiveCfg = Debug|Any CPU
		{41BC038F-DC99-41E3-9100-46A4B92F5A71}.Debug|x64.Build.0 = Debug|Any CPU
		{41BC038F-DC99-41E3-9100-46A4B92F5A71}.Debug|x86.ActiveCfg = Debug|Any CPU
		{41BC038F-DC99-41E3-9100-46A4B92F5A71}.Debug|x86.Build.0 = Debug|Any CPU
		{41BC038F-DC99-41E3-9100-46A4B92F5A71}.Release|Any CPU.ActiveCfg = Release|Any CPU
		{41BC038F-DC99-41E3-9100-46A4B92F5A71}.Release|Any CPU.Build.0 = Release|Any CPU
		{41BC038F-DC99-41E3-9100-46A4B92F5A71}.Release|ARM.ActiveCfg = Release|Any CPU
		{41BC038F-DC99-41E3-9100-46A4B92F5A71}.Release|ARM.Build.0 = Release|Any CPU
		{41BC038F-DC99-41E3-9100-46A4B92F5A71}.Release|ARM64.ActiveCfg = Release|Any CPU
		{41BC038F-DC99-41E3-9100-46A4B92F5A71}.Release|ARM64.Build.0 = Release|Any CPU
		{41BC038F-DC99-41E3-9100-46A4B92F5A71}.Release|x64.ActiveCfg = Release|Any CPU
		{41BC038F-DC99-41E3-9100-46A4B92F5A71}.Release|x64.Build.0 = Release|Any CPU
		{41BC038F-DC99-41E3-9100-46A4B92F5A71}.Release|x86.ActiveCfg = Release|Any CPU
		{41BC038F-DC99-41E3-9100-46A4B92F5A71}.Release|x86.Build.0 = Release|Any CPU
		{E755EA64-F80E-409E-86D3-0240C6EEC37F}.Debug|Any CPU.ActiveCfg = Debug|Any CPU
		{E755EA64-F80E-409E-86D3-0240C6EEC37F}.Debug|Any CPU.Build.0 = Debug|Any CPU
		{E755EA64-F80E-409E-86D3-0240C6EEC37F}.Debug|ARM.ActiveCfg = Debug|Any CPU
		{E755EA64-F80E-409E-86D3-0240C6EEC37F}.Debug|ARM.Build.0 = Debug|Any CPU
		{E755EA64-F80E-409E-86D3-0240C6EEC37F}.Debug|ARM64.ActiveCfg = Debug|Any CPU
		{E755EA64-F80E-409E-86D3-0240C6EEC37F}.Debug|ARM64.Build.0 = Debug|Any CPU
		{E755EA64-F80E-409E-86D3-0240C6EEC37F}.Debug|x64.ActiveCfg = Debug|Any CPU
		{E755EA64-F80E-409E-86D3-0240C6EEC37F}.Debug|x64.Build.0 = Debug|Any CPU
		{E755EA64-F80E-409E-86D3-0240C6EEC37F}.Debug|x86.ActiveCfg = Debug|Any CPU
		{E755EA64-F80E-409E-86D3-0240C6EEC37F}.Debug|x86.Build.0 = Debug|Any CPU
		{E755EA64-F80E-409E-86D3-0240C6EEC37F}.Release|Any CPU.ActiveCfg = Release|Any CPU
		{E755EA64-F80E-409E-86D3-0240C6EEC37F}.Release|Any CPU.Build.0 = Release|Any CPU
		{E755EA64-F80E-409E-86D3-0240C6EEC37F}.Release|ARM.ActiveCfg = Release|Any CPU
		{E755EA64-F80E-409E-86D3-0240C6EEC37F}.Release|ARM.Build.0 = Release|Any CPU
		{E755EA64-F80E-409E-86D3-0240C6EEC37F}.Release|ARM64.ActiveCfg = Release|Any CPU
		{E755EA64-F80E-409E-86D3-0240C6EEC37F}.Release|ARM64.Build.0 = Release|Any CPU
		{E755EA64-F80E-409E-86D3-0240C6EEC37F}.Release|x64.ActiveCfg = Release|Any CPU
		{E755EA64-F80E-409E-86D3-0240C6EEC37F}.Release|x64.Build.0 = Release|Any CPU
		{E755EA64-F80E-409E-86D3-0240C6EEC37F}.Release|x86.ActiveCfg = Release|Any CPU
		{E755EA64-F80E-409E-86D3-0240C6EEC37F}.Release|x86.Build.0 = Release|Any CPU
		{D2DC38E5-3DF2-4C9C-85EC-A4A13BA61A79}.Debug|Any CPU.ActiveCfg = Debug|Any CPU
		{D2DC38E5-3DF2-4C9C-85EC-A4A13BA61A79}.Debug|Any CPU.Build.0 = Debug|Any CPU
		{D2DC38E5-3DF2-4C9C-85EC-A4A13BA61A79}.Debug|ARM.ActiveCfg = Debug|Any CPU
		{D2DC38E5-3DF2-4C9C-85EC-A4A13BA61A79}.Debug|ARM.Build.0 = Debug|Any CPU
		{D2DC38E5-3DF2-4C9C-85EC-A4A13BA61A79}.Debug|ARM64.ActiveCfg = Debug|Any CPU
		{D2DC38E5-3DF2-4C9C-85EC-A4A13BA61A79}.Debug|ARM64.Build.0 = Debug|Any CPU
		{D2DC38E5-3DF2-4C9C-85EC-A4A13BA61A79}.Debug|x64.ActiveCfg = Debug|Any CPU
		{D2DC38E5-3DF2-4C9C-85EC-A4A13BA61A79}.Debug|x64.Build.0 = Debug|Any CPU
		{D2DC38E5-3DF2-4C9C-85EC-A4A13BA61A79}.Debug|x86.ActiveCfg = Debug|Any CPU
		{D2DC38E5-3DF2-4C9C-85EC-A4A13BA61A79}.Debug|x86.Build.0 = Debug|Any CPU
		{D2DC38E5-3DF2-4C9C-85EC-A4A13BA61A79}.Release|Any CPU.ActiveCfg = Release|Any CPU
		{D2DC38E5-3DF2-4C9C-85EC-A4A13BA61A79}.Release|Any CPU.Build.0 = Release|Any CPU
		{D2DC38E5-3DF2-4C9C-85EC-A4A13BA61A79}.Release|ARM.ActiveCfg = Release|Any CPU
		{D2DC38E5-3DF2-4C9C-85EC-A4A13BA61A79}.Release|ARM.Build.0 = Release|Any CPU
		{D2DC38E5-3DF2-4C9C-85EC-A4A13BA61A79}.Release|ARM64.ActiveCfg = Release|Any CPU
		{D2DC38E5-3DF2-4C9C-85EC-A4A13BA61A79}.Release|ARM64.Build.0 = Release|Any CPU
		{D2DC38E5-3DF2-4C9C-85EC-A4A13BA61A79}.Release|x64.ActiveCfg = Release|Any CPU
		{D2DC38E5-3DF2-4C9C-85EC-A4A13BA61A79}.Release|x64.Build.0 = Release|Any CPU
		{D2DC38E5-3DF2-4C9C-85EC-A4A13BA61A79}.Release|x86.ActiveCfg = Release|Any CPU
		{D2DC38E5-3DF2-4C9C-85EC-A4A13BA61A79}.Release|x86.Build.0 = Release|Any CPU
		{4E7106C2-B628-4DAE-9CBA-F6FA295D47E5}.Debug|Any CPU.ActiveCfg = Debug|Any CPU
		{4E7106C2-B628-4DAE-9CBA-F6FA295D47E5}.Debug|Any CPU.Build.0 = Debug|Any CPU
		{4E7106C2-B628-4DAE-9CBA-F6FA295D47E5}.Debug|ARM.ActiveCfg = Debug|Any CPU
		{4E7106C2-B628-4DAE-9CBA-F6FA295D47E5}.Debug|ARM.Build.0 = Debug|Any CPU
		{4E7106C2-B628-4DAE-9CBA-F6FA295D47E5}.Debug|ARM64.ActiveCfg = Debug|Any CPU
		{4E7106C2-B628-4DAE-9CBA-F6FA295D47E5}.Debug|ARM64.Build.0 = Debug|Any CPU
		{4E7106C2-B628-4DAE-9CBA-F6FA295D47E5}.Debug|x64.ActiveCfg = Debug|Any CPU
		{4E7106C2-B628-4DAE-9CBA-F6FA295D47E5}.Debug|x64.Build.0 = Debug|Any CPU
		{4E7106C2-B628-4DAE-9CBA-F6FA295D47E5}.Debug|x86.ActiveCfg = Debug|Any CPU
		{4E7106C2-B628-4DAE-9CBA-F6FA295D47E5}.Debug|x86.Build.0 = Debug|Any CPU
		{4E7106C2-B628-4DAE-9CBA-F6FA295D47E5}.Release|Any CPU.ActiveCfg = Release|Any CPU
		{4E7106C2-B628-4DAE-9CBA-F6FA295D47E5}.Release|Any CPU.Build.0 = Release|Any CPU
		{4E7106C2-B628-4DAE-9CBA-F6FA295D47E5}.Release|ARM.ActiveCfg = Release|Any CPU
		{4E7106C2-B628-4DAE-9CBA-F6FA295D47E5}.Release|ARM.Build.0 = Release|Any CPU
		{4E7106C2-B628-4DAE-9CBA-F6FA295D47E5}.Release|ARM64.ActiveCfg = Release|Any CPU
		{4E7106C2-B628-4DAE-9CBA-F6FA295D47E5}.Release|ARM64.Build.0 = Release|Any CPU
		{4E7106C2-B628-4DAE-9CBA-F6FA295D47E5}.Release|x64.ActiveCfg = Release|Any CPU
		{4E7106C2-B628-4DAE-9CBA-F6FA295D47E5}.Release|x64.Build.0 = Release|Any CPU
		{4E7106C2-B628-4DAE-9CBA-F6FA295D47E5}.Release|x86.ActiveCfg = Release|Any CPU
		{4E7106C2-B628-4DAE-9CBA-F6FA295D47E5}.Release|x86.Build.0 = Release|Any CPU
		{E0B0277B-3771-4FD0-BB4F-D731CAC764BA}.Debug|Any CPU.ActiveCfg = Debug|Any CPU
		{E0B0277B-3771-4FD0-BB4F-D731CAC764BA}.Debug|Any CPU.Build.0 = Debug|Any CPU
		{E0B0277B-3771-4FD0-BB4F-D731CAC764BA}.Debug|ARM.ActiveCfg = Debug|Any CPU
		{E0B0277B-3771-4FD0-BB4F-D731CAC764BA}.Debug|ARM.Build.0 = Debug|Any CPU
		{E0B0277B-3771-4FD0-BB4F-D731CAC764BA}.Debug|ARM64.ActiveCfg = Debug|Any CPU
		{E0B0277B-3771-4FD0-BB4F-D731CAC764BA}.Debug|ARM64.Build.0 = Debug|Any CPU
		{E0B0277B-3771-4FD0-BB4F-D731CAC764BA}.Debug|x64.ActiveCfg = Debug|Any CPU
		{E0B0277B-3771-4FD0-BB4F-D731CAC764BA}.Debug|x64.Build.0 = Debug|Any CPU
		{E0B0277B-3771-4FD0-BB4F-D731CAC764BA}.Debug|x86.ActiveCfg = Debug|Any CPU
		{E0B0277B-3771-4FD0-BB4F-D731CAC764BA}.Debug|x86.Build.0 = Debug|Any CPU
		{E0B0277B-3771-4FD0-BB4F-D731CAC764BA}.Release|Any CPU.ActiveCfg = Release|Any CPU
		{E0B0277B-3771-4FD0-BB4F-D731CAC764BA}.Release|Any CPU.Build.0 = Release|Any CPU
		{E0B0277B-3771-4FD0-BB4F-D731CAC764BA}.Release|ARM.ActiveCfg = Release|Any CPU
		{E0B0277B-3771-4FD0-BB4F-D731CAC764BA}.Release|ARM.Build.0 = Release|Any CPU
		{E0B0277B-3771-4FD0-BB4F-D731CAC764BA}.Release|ARM64.ActiveCfg = Release|Any CPU
		{E0B0277B-3771-4FD0-BB4F-D731CAC764BA}.Release|ARM64.Build.0 = Release|Any CPU
		{E0B0277B-3771-4FD0-BB4F-D731CAC764BA}.Release|x64.ActiveCfg = Release|Any CPU
		{E0B0277B-3771-4FD0-BB4F-D731CAC764BA}.Release|x64.Build.0 = Release|Any CPU
		{E0B0277B-3771-4FD0-BB4F-D731CAC764BA}.Release|x86.ActiveCfg = Release|Any CPU
		{E0B0277B-3771-4FD0-BB4F-D731CAC764BA}.Release|x86.Build.0 = Release|Any CPU
		{3FBAEDF9-5150-4049-8A6F-188C25ABFF76}.Debug|Any CPU.ActiveCfg = Debug|Any CPU
		{3FBAEDF9-5150-4049-8A6F-188C25ABFF76}.Debug|Any CPU.Build.0 = Debug|Any CPU
		{3FBAEDF9-5150-4049-8A6F-188C25ABFF76}.Debug|ARM.ActiveCfg = Debug|Any CPU
		{3FBAEDF9-5150-4049-8A6F-188C25ABFF76}.Debug|ARM.Build.0 = Debug|Any CPU
		{3FBAEDF9-5150-4049-8A6F-188C25ABFF76}.Debug|ARM64.ActiveCfg = Debug|Any CPU
		{3FBAEDF9-5150-4049-8A6F-188C25ABFF76}.Debug|ARM64.Build.0 = Debug|Any CPU
		{3FBAEDF9-5150-4049-8A6F-188C25ABFF76}.Debug|x64.ActiveCfg = Debug|Any CPU
		{3FBAEDF9-5150-4049-8A6F-188C25ABFF76}.Debug|x64.Build.0 = Debug|Any CPU
		{3FBAEDF9-5150-4049-8A6F-188C25ABFF76}.Debug|x86.ActiveCfg = Debug|Any CPU
		{3FBAEDF9-5150-4049-8A6F-188C25ABFF76}.Debug|x86.Build.0 = Debug|Any CPU
		{3FBAEDF9-5150-4049-8A6F-188C25ABFF76}.Release|Any CPU.ActiveCfg = Release|Any CPU
		{3FBAEDF9-5150-4049-8A6F-188C25ABFF76}.Release|Any CPU.Build.0 = Release|Any CPU
		{3FBAEDF9-5150-4049-8A6F-188C25ABFF76}.Release|ARM.ActiveCfg = Release|Any CPU
		{3FBAEDF9-5150-4049-8A6F-188C25ABFF76}.Release|ARM.Build.0 = Release|Any CPU
		{3FBAEDF9-5150-4049-8A6F-188C25ABFF76}.Release|ARM64.ActiveCfg = Release|Any CPU
		{3FBAEDF9-5150-4049-8A6F-188C25ABFF76}.Release|ARM64.Build.0 = Release|Any CPU
		{3FBAEDF9-5150-4049-8A6F-188C25ABFF76}.Release|x64.ActiveCfg = Release|Any CPU
		{3FBAEDF9-5150-4049-8A6F-188C25ABFF76}.Release|x64.Build.0 = Release|Any CPU
		{3FBAEDF9-5150-4049-8A6F-188C25ABFF76}.Release|x86.ActiveCfg = Release|Any CPU
		{3FBAEDF9-5150-4049-8A6F-188C25ABFF76}.Release|x86.Build.0 = Release|Any CPU
		{D5090C69-1FB3-4836-888A-14E8A6B00DFB}.Debug|Any CPU.ActiveCfg = Debug|Any CPU
		{D5090C69-1FB3-4836-888A-14E8A6B00DFB}.Debug|Any CPU.Build.0 = Debug|Any CPU
		{D5090C69-1FB3-4836-888A-14E8A6B00DFB}.Debug|ARM.ActiveCfg = Debug|Any CPU
		{D5090C69-1FB3-4836-888A-14E8A6B00DFB}.Debug|ARM.Build.0 = Debug|Any CPU
		{D5090C69-1FB3-4836-888A-14E8A6B00DFB}.Debug|ARM64.ActiveCfg = Debug|Any CPU
		{D5090C69-1FB3-4836-888A-14E8A6B00DFB}.Debug|ARM64.Build.0 = Debug|Any CPU
		{D5090C69-1FB3-4836-888A-14E8A6B00DFB}.Debug|x64.ActiveCfg = Debug|Any CPU
		{D5090C69-1FB3-4836-888A-14E8A6B00DFB}.Debug|x64.Build.0 = Debug|Any CPU
		{D5090C69-1FB3-4836-888A-14E8A6B00DFB}.Debug|x86.ActiveCfg = Debug|Any CPU
		{D5090C69-1FB3-4836-888A-14E8A6B00DFB}.Debug|x86.Build.0 = Debug|Any CPU
		{D5090C69-1FB3-4836-888A-14E8A6B00DFB}.Release|Any CPU.ActiveCfg = Release|Any CPU
		{D5090C69-1FB3-4836-888A-14E8A6B00DFB}.Release|Any CPU.Build.0 = Release|Any CPU
		{D5090C69-1FB3-4836-888A-14E8A6B00DFB}.Release|ARM.ActiveCfg = Release|Any CPU
		{D5090C69-1FB3-4836-888A-14E8A6B00DFB}.Release|ARM.Build.0 = Release|Any CPU
		{D5090C69-1FB3-4836-888A-14E8A6B00DFB}.Release|ARM64.ActiveCfg = Release|Any CPU
		{D5090C69-1FB3-4836-888A-14E8A6B00DFB}.Release|ARM64.Build.0 = Release|Any CPU
		{D5090C69-1FB3-4836-888A-14E8A6B00DFB}.Release|x64.ActiveCfg = Release|Any CPU
		{D5090C69-1FB3-4836-888A-14E8A6B00DFB}.Release|x64.Build.0 = Release|Any CPU
		{D5090C69-1FB3-4836-888A-14E8A6B00DFB}.Release|x86.ActiveCfg = Release|Any CPU
		{D5090C69-1FB3-4836-888A-14E8A6B00DFB}.Release|x86.Build.0 = Release|Any CPU
		{779F9052-C76A-4B5A-8E83-2FC0F43DA43D}.Debug|Any CPU.ActiveCfg = Debug|Any CPU
		{779F9052-C76A-4B5A-8E83-2FC0F43DA43D}.Debug|Any CPU.Build.0 = Debug|Any CPU
		{779F9052-C76A-4B5A-8E83-2FC0F43DA43D}.Debug|ARM.ActiveCfg = Debug|Any CPU
		{779F9052-C76A-4B5A-8E83-2FC0F43DA43D}.Debug|ARM.Build.0 = Debug|Any CPU
		{779F9052-C76A-4B5A-8E83-2FC0F43DA43D}.Debug|ARM64.ActiveCfg = Debug|Any CPU
		{779F9052-C76A-4B5A-8E83-2FC0F43DA43D}.Debug|ARM64.Build.0 = Debug|Any CPU
		{779F9052-C76A-4B5A-8E83-2FC0F43DA43D}.Debug|x64.ActiveCfg = Debug|Any CPU
		{779F9052-C76A-4B5A-8E83-2FC0F43DA43D}.Debug|x64.Build.0 = Debug|Any CPU
		{779F9052-C76A-4B5A-8E83-2FC0F43DA43D}.Debug|x86.ActiveCfg = Debug|Any CPU
		{779F9052-C76A-4B5A-8E83-2FC0F43DA43D}.Debug|x86.Build.0 = Debug|Any CPU
		{779F9052-C76A-4B5A-8E83-2FC0F43DA43D}.Release|Any CPU.ActiveCfg = Release|Any CPU
		{779F9052-C76A-4B5A-8E83-2FC0F43DA43D}.Release|Any CPU.Build.0 = Release|Any CPU
		{779F9052-C76A-4B5A-8E83-2FC0F43DA43D}.Release|ARM.ActiveCfg = Release|Any CPU
		{779F9052-C76A-4B5A-8E83-2FC0F43DA43D}.Release|ARM.Build.0 = Release|Any CPU
		{779F9052-C76A-4B5A-8E83-2FC0F43DA43D}.Release|ARM64.ActiveCfg = Release|Any CPU
		{779F9052-C76A-4B5A-8E83-2FC0F43DA43D}.Release|ARM64.Build.0 = Release|Any CPU
		{779F9052-C76A-4B5A-8E83-2FC0F43DA43D}.Release|x64.ActiveCfg = Release|Any CPU
		{779F9052-C76A-4B5A-8E83-2FC0F43DA43D}.Release|x64.Build.0 = Release|Any CPU
		{779F9052-C76A-4B5A-8E83-2FC0F43DA43D}.Release|x86.ActiveCfg = Release|Any CPU
		{779F9052-C76A-4B5A-8E83-2FC0F43DA43D}.Release|x86.Build.0 = Release|Any CPU
		{02D9070A-8D60-4A7F-812A-14586BE5A59B}.Debug|Any CPU.ActiveCfg = Debug|Any CPU
		{02D9070A-8D60-4A7F-812A-14586BE5A59B}.Debug|Any CPU.Build.0 = Debug|Any CPU
		{02D9070A-8D60-4A7F-812A-14586BE5A59B}.Debug|ARM.ActiveCfg = Debug|Any CPU
		{02D9070A-8D60-4A7F-812A-14586BE5A59B}.Debug|ARM.Build.0 = Debug|Any CPU
		{02D9070A-8D60-4A7F-812A-14586BE5A59B}.Debug|ARM64.ActiveCfg = Debug|Any CPU
		{02D9070A-8D60-4A7F-812A-14586BE5A59B}.Debug|ARM64.Build.0 = Debug|Any CPU
		{02D9070A-8D60-4A7F-812A-14586BE5A59B}.Debug|x64.ActiveCfg = Debug|Any CPU
		{02D9070A-8D60-4A7F-812A-14586BE5A59B}.Debug|x64.Build.0 = Debug|Any CPU
		{02D9070A-8D60-4A7F-812A-14586BE5A59B}.Debug|x86.ActiveCfg = Debug|Any CPU
		{02D9070A-8D60-4A7F-812A-14586BE5A59B}.Debug|x86.Build.0 = Debug|Any CPU
		{02D9070A-8D60-4A7F-812A-14586BE5A59B}.Release|Any CPU.ActiveCfg = Release|Any CPU
		{02D9070A-8D60-4A7F-812A-14586BE5A59B}.Release|Any CPU.Build.0 = Release|Any CPU
		{02D9070A-8D60-4A7F-812A-14586BE5A59B}.Release|ARM.ActiveCfg = Release|Any CPU
		{02D9070A-8D60-4A7F-812A-14586BE5A59B}.Release|ARM.Build.0 = Release|Any CPU
		{02D9070A-8D60-4A7F-812A-14586BE5A59B}.Release|ARM64.ActiveCfg = Release|Any CPU
		{02D9070A-8D60-4A7F-812A-14586BE5A59B}.Release|ARM64.Build.0 = Release|Any CPU
		{02D9070A-8D60-4A7F-812A-14586BE5A59B}.Release|x64.ActiveCfg = Release|Any CPU
		{02D9070A-8D60-4A7F-812A-14586BE5A59B}.Release|x64.Build.0 = Release|Any CPU
		{02D9070A-8D60-4A7F-812A-14586BE5A59B}.Release|x86.ActiveCfg = Release|Any CPU
		{02D9070A-8D60-4A7F-812A-14586BE5A59B}.Release|x86.Build.0 = Release|Any CPU
		{09511E11-BA8E-43AF-BDC3-2517C9892C62}.Debug|Any CPU.ActiveCfg = Debug|Any CPU
		{09511E11-BA8E-43AF-BDC3-2517C9892C62}.Debug|Any CPU.Build.0 = Debug|Any CPU
		{09511E11-BA8E-43AF-BDC3-2517C9892C62}.Debug|ARM.ActiveCfg = Debug|Any CPU
		{09511E11-BA8E-43AF-BDC3-2517C9892C62}.Debug|ARM.Build.0 = Debug|Any CPU
		{09511E11-BA8E-43AF-BDC3-2517C9892C62}.Debug|ARM64.ActiveCfg = Debug|Any CPU
		{09511E11-BA8E-43AF-BDC3-2517C9892C62}.Debug|ARM64.Build.0 = Debug|Any CPU
		{09511E11-BA8E-43AF-BDC3-2517C9892C62}.Debug|x64.ActiveCfg = Debug|Any CPU
		{09511E11-BA8E-43AF-BDC3-2517C9892C62}.Debug|x64.Build.0 = Debug|Any CPU
		{09511E11-BA8E-43AF-BDC3-2517C9892C62}.Debug|x86.ActiveCfg = Debug|Any CPU
		{09511E11-BA8E-43AF-BDC3-2517C9892C62}.Debug|x86.Build.0 = Debug|Any CPU
		{09511E11-BA8E-43AF-BDC3-2517C9892C62}.Release|Any CPU.ActiveCfg = Release|Any CPU
		{09511E11-BA8E-43AF-BDC3-2517C9892C62}.Release|Any CPU.Build.0 = Release|Any CPU
		{09511E11-BA8E-43AF-BDC3-2517C9892C62}.Release|ARM.ActiveCfg = Release|Any CPU
		{09511E11-BA8E-43AF-BDC3-2517C9892C62}.Release|ARM.Build.0 = Release|Any CPU
		{09511E11-BA8E-43AF-BDC3-2517C9892C62}.Release|ARM64.ActiveCfg = Release|Any CPU
		{09511E11-BA8E-43AF-BDC3-2517C9892C62}.Release|ARM64.Build.0 = Release|Any CPU
		{09511E11-BA8E-43AF-BDC3-2517C9892C62}.Release|x64.ActiveCfg = Release|Any CPU
		{09511E11-BA8E-43AF-BDC3-2517C9892C62}.Release|x64.Build.0 = Release|Any CPU
		{09511E11-BA8E-43AF-BDC3-2517C9892C62}.Release|x86.ActiveCfg = Release|Any CPU
		{09511E11-BA8E-43AF-BDC3-2517C9892C62}.Release|x86.Build.0 = Release|Any CPU
		{27E02316-0FB2-46BF-88E2-531B3BBBA6E9}.Debug|Any CPU.ActiveCfg = Debug|Any CPU
		{27E02316-0FB2-46BF-88E2-531B3BBBA6E9}.Debug|Any CPU.Build.0 = Debug|Any CPU
		{27E02316-0FB2-46BF-88E2-531B3BBBA6E9}.Debug|ARM.ActiveCfg = Debug|Any CPU
		{27E02316-0FB2-46BF-88E2-531B3BBBA6E9}.Debug|ARM.Build.0 = Debug|Any CPU
		{27E02316-0FB2-46BF-88E2-531B3BBBA6E9}.Debug|ARM64.ActiveCfg = Debug|Any CPU
		{27E02316-0FB2-46BF-88E2-531B3BBBA6E9}.Debug|ARM64.Build.0 = Debug|Any CPU
		{27E02316-0FB2-46BF-88E2-531B3BBBA6E9}.Debug|x64.ActiveCfg = Debug|Any CPU
		{27E02316-0FB2-46BF-88E2-531B3BBBA6E9}.Debug|x64.Build.0 = Debug|Any CPU
		{27E02316-0FB2-46BF-88E2-531B3BBBA6E9}.Debug|x86.ActiveCfg = Debug|Any CPU
		{27E02316-0FB2-46BF-88E2-531B3BBBA6E9}.Debug|x86.Build.0 = Debug|Any CPU
		{27E02316-0FB2-46BF-88E2-531B3BBBA6E9}.Release|Any CPU.ActiveCfg = Release|Any CPU
		{27E02316-0FB2-46BF-88E2-531B3BBBA6E9}.Release|Any CPU.Build.0 = Release|Any CPU
		{27E02316-0FB2-46BF-88E2-531B3BBBA6E9}.Release|ARM.ActiveCfg = Release|Any CPU
		{27E02316-0FB2-46BF-88E2-531B3BBBA6E9}.Release|ARM.Build.0 = Release|Any CPU
		{27E02316-0FB2-46BF-88E2-531B3BBBA6E9}.Release|ARM64.ActiveCfg = Release|Any CPU
		{27E02316-0FB2-46BF-88E2-531B3BBBA6E9}.Release|ARM64.Build.0 = Release|Any CPU
		{27E02316-0FB2-46BF-88E2-531B3BBBA6E9}.Release|x64.ActiveCfg = Release|Any CPU
		{27E02316-0FB2-46BF-88E2-531B3BBBA6E9}.Release|x64.Build.0 = Release|Any CPU
		{27E02316-0FB2-46BF-88E2-531B3BBBA6E9}.Release|x86.ActiveCfg = Release|Any CPU
		{27E02316-0FB2-46BF-88E2-531B3BBBA6E9}.Release|x86.Build.0 = Release|Any CPU
		{E92862C5-7E7D-4129-B01D-B98A161533E3}.Debug|Any CPU.ActiveCfg = Debug|Any CPU
		{E92862C5-7E7D-4129-B01D-B98A161533E3}.Debug|Any CPU.Build.0 = Debug|Any CPU
		{E92862C5-7E7D-4129-B01D-B98A161533E3}.Debug|ARM.ActiveCfg = Debug|Any CPU
		{E92862C5-7E7D-4129-B01D-B98A161533E3}.Debug|ARM.Build.0 = Debug|Any CPU
		{E92862C5-7E7D-4129-B01D-B98A161533E3}.Debug|ARM64.ActiveCfg = Debug|Any CPU
		{E92862C5-7E7D-4129-B01D-B98A161533E3}.Debug|ARM64.Build.0 = Debug|Any CPU
		{E92862C5-7E7D-4129-B01D-B98A161533E3}.Debug|x64.ActiveCfg = Debug|Any CPU
		{E92862C5-7E7D-4129-B01D-B98A161533E3}.Debug|x64.Build.0 = Debug|Any CPU
		{E92862C5-7E7D-4129-B01D-B98A161533E3}.Debug|x86.ActiveCfg = Debug|Any CPU
		{E92862C5-7E7D-4129-B01D-B98A161533E3}.Debug|x86.Build.0 = Debug|Any CPU
		{E92862C5-7E7D-4129-B01D-B98A161533E3}.Release|Any CPU.ActiveCfg = Release|Any CPU
		{E92862C5-7E7D-4129-B01D-B98A161533E3}.Release|Any CPU.Build.0 = Release|Any CPU
		{E92862C5-7E7D-4129-B01D-B98A161533E3}.Release|ARM.ActiveCfg = Release|Any CPU
		{E92862C5-7E7D-4129-B01D-B98A161533E3}.Release|ARM.Build.0 = Release|Any CPU
		{E92862C5-7E7D-4129-B01D-B98A161533E3}.Release|ARM64.ActiveCfg = Release|Any CPU
		{E92862C5-7E7D-4129-B01D-B98A161533E3}.Release|ARM64.Build.0 = Release|Any CPU
		{E92862C5-7E7D-4129-B01D-B98A161533E3}.Release|x64.ActiveCfg = Release|Any CPU
		{E92862C5-7E7D-4129-B01D-B98A161533E3}.Release|x64.Build.0 = Release|Any CPU
		{E92862C5-7E7D-4129-B01D-B98A161533E3}.Release|x86.ActiveCfg = Release|Any CPU
		{E92862C5-7E7D-4129-B01D-B98A161533E3}.Release|x86.Build.0 = Release|Any CPU
		{8CC9C6A4-D036-4906-A7B1-BDA221FB4E38}.Debug|Any CPU.ActiveCfg = Debug|Any CPU
		{8CC9C6A4-D036-4906-A7B1-BDA221FB4E38}.Debug|Any CPU.Build.0 = Debug|Any CPU
		{8CC9C6A4-D036-4906-A7B1-BDA221FB4E38}.Debug|ARM.ActiveCfg = Debug|Any CPU
		{8CC9C6A4-D036-4906-A7B1-BDA221FB4E38}.Debug|ARM.Build.0 = Debug|Any CPU
		{8CC9C6A4-D036-4906-A7B1-BDA221FB4E38}.Debug|ARM64.ActiveCfg = Debug|Any CPU
		{8CC9C6A4-D036-4906-A7B1-BDA221FB4E38}.Debug|ARM64.Build.0 = Debug|Any CPU
		{8CC9C6A4-D036-4906-A7B1-BDA221FB4E38}.Debug|x64.ActiveCfg = Debug|Any CPU
		{8CC9C6A4-D036-4906-A7B1-BDA221FB4E38}.Debug|x64.Build.0 = Debug|Any CPU
		{8CC9C6A4-D036-4906-A7B1-BDA221FB4E38}.Debug|x86.ActiveCfg = Debug|Any CPU
		{8CC9C6A4-D036-4906-A7B1-BDA221FB4E38}.Debug|x86.Build.0 = Debug|Any CPU
		{8CC9C6A4-D036-4906-A7B1-BDA221FB4E38}.Release|Any CPU.ActiveCfg = Release|Any CPU
		{8CC9C6A4-D036-4906-A7B1-BDA221FB4E38}.Release|Any CPU.Build.0 = Release|Any CPU
		{8CC9C6A4-D036-4906-A7B1-BDA221FB4E38}.Release|ARM.ActiveCfg = Release|Any CPU
		{8CC9C6A4-D036-4906-A7B1-BDA221FB4E38}.Release|ARM.Build.0 = Release|Any CPU
		{8CC9C6A4-D036-4906-A7B1-BDA221FB4E38}.Release|ARM64.ActiveCfg = Release|Any CPU
		{8CC9C6A4-D036-4906-A7B1-BDA221FB4E38}.Release|ARM64.Build.0 = Release|Any CPU
		{8CC9C6A4-D036-4906-A7B1-BDA221FB4E38}.Release|x64.ActiveCfg = Release|Any CPU
		{8CC9C6A4-D036-4906-A7B1-BDA221FB4E38}.Release|x64.Build.0 = Release|Any CPU
		{8CC9C6A4-D036-4906-A7B1-BDA221FB4E38}.Release|x86.ActiveCfg = Release|Any CPU
		{8CC9C6A4-D036-4906-A7B1-BDA221FB4E38}.Release|x86.Build.0 = Release|Any CPU
		{D5291353-CEC8-4D52-8181-EE7363DF9D66}.Debug|Any CPU.ActiveCfg = Debug|Any CPU
		{D5291353-CEC8-4D52-8181-EE7363DF9D66}.Debug|Any CPU.Build.0 = Debug|Any CPU
		{D5291353-CEC8-4D52-8181-EE7363DF9D66}.Debug|ARM.ActiveCfg = Debug|Any CPU
		{D5291353-CEC8-4D52-8181-EE7363DF9D66}.Debug|ARM.Build.0 = Debug|Any CPU
		{D5291353-CEC8-4D52-8181-EE7363DF9D66}.Debug|ARM64.ActiveCfg = Debug|Any CPU
		{D5291353-CEC8-4D52-8181-EE7363DF9D66}.Debug|ARM64.Build.0 = Debug|Any CPU
		{D5291353-CEC8-4D52-8181-EE7363DF9D66}.Debug|x64.ActiveCfg = Debug|Any CPU
		{D5291353-CEC8-4D52-8181-EE7363DF9D66}.Debug|x64.Build.0 = Debug|Any CPU
		{D5291353-CEC8-4D52-8181-EE7363DF9D66}.Debug|x86.ActiveCfg = Debug|Any CPU
		{D5291353-CEC8-4D52-8181-EE7363DF9D66}.Debug|x86.Build.0 = Debug|Any CPU
		{D5291353-CEC8-4D52-8181-EE7363DF9D66}.Release|Any CPU.ActiveCfg = Release|Any CPU
		{D5291353-CEC8-4D52-8181-EE7363DF9D66}.Release|Any CPU.Build.0 = Release|Any CPU
		{D5291353-CEC8-4D52-8181-EE7363DF9D66}.Release|ARM.ActiveCfg = Release|Any CPU
		{D5291353-CEC8-4D52-8181-EE7363DF9D66}.Release|ARM.Build.0 = Release|Any CPU
		{D5291353-CEC8-4D52-8181-EE7363DF9D66}.Release|ARM64.ActiveCfg = Release|Any CPU
		{D5291353-CEC8-4D52-8181-EE7363DF9D66}.Release|ARM64.Build.0 = Release|Any CPU
		{D5291353-CEC8-4D52-8181-EE7363DF9D66}.Release|x64.ActiveCfg = Release|Any CPU
		{D5291353-CEC8-4D52-8181-EE7363DF9D66}.Release|x64.Build.0 = Release|Any CPU
		{D5291353-CEC8-4D52-8181-EE7363DF9D66}.Release|x86.ActiveCfg = Release|Any CPU
		{D5291353-CEC8-4D52-8181-EE7363DF9D66}.Release|x86.Build.0 = Release|Any CPU
		{DE932572-E70A-4312-B169-EF08219F500A}.Debug|Any CPU.ActiveCfg = Debug|Any CPU
		{DE932572-E70A-4312-B169-EF08219F500A}.Debug|Any CPU.Build.0 = Debug|Any CPU
		{DE932572-E70A-4312-B169-EF08219F500A}.Debug|ARM.ActiveCfg = Debug|Any CPU
		{DE932572-E70A-4312-B169-EF08219F500A}.Debug|ARM.Build.0 = Debug|Any CPU
		{DE932572-E70A-4312-B169-EF08219F500A}.Debug|ARM64.ActiveCfg = Debug|Any CPU
		{DE932572-E70A-4312-B169-EF08219F500A}.Debug|ARM64.Build.0 = Debug|Any CPU
		{DE932572-E70A-4312-B169-EF08219F500A}.Debug|x64.ActiveCfg = Debug|Any CPU
		{DE932572-E70A-4312-B169-EF08219F500A}.Debug|x64.Build.0 = Debug|Any CPU
		{DE932572-E70A-4312-B169-EF08219F500A}.Debug|x86.ActiveCfg = Debug|Any CPU
		{DE932572-E70A-4312-B169-EF08219F500A}.Debug|x86.Build.0 = Debug|Any CPU
		{DE932572-E70A-4312-B169-EF08219F500A}.Release|Any CPU.ActiveCfg = Release|Any CPU
		{DE932572-E70A-4312-B169-EF08219F500A}.Release|Any CPU.Build.0 = Release|Any CPU
		{DE932572-E70A-4312-B169-EF08219F500A}.Release|ARM.ActiveCfg = Release|Any CPU
		{DE932572-E70A-4312-B169-EF08219F500A}.Release|ARM.Build.0 = Release|Any CPU
		{DE932572-E70A-4312-B169-EF08219F500A}.Release|ARM64.ActiveCfg = Release|Any CPU
		{DE932572-E70A-4312-B169-EF08219F500A}.Release|ARM64.Build.0 = Release|Any CPU
		{DE932572-E70A-4312-B169-EF08219F500A}.Release|x64.ActiveCfg = Release|Any CPU
		{DE932572-E70A-4312-B169-EF08219F500A}.Release|x64.Build.0 = Release|Any CPU
		{DE932572-E70A-4312-B169-EF08219F500A}.Release|x86.ActiveCfg = Release|Any CPU
		{DE932572-E70A-4312-B169-EF08219F500A}.Release|x86.Build.0 = Release|Any CPU
		{610CBB72-76F5-4BF2-A59D-97ED414A9419}.Debug|Any CPU.ActiveCfg = Debug|Any CPU
		{610CBB72-76F5-4BF2-A59D-97ED414A9419}.Debug|Any CPU.Build.0 = Debug|Any CPU
		{610CBB72-76F5-4BF2-A59D-97ED414A9419}.Debug|ARM.ActiveCfg = Debug|Any CPU
		{610CBB72-76F5-4BF2-A59D-97ED414A9419}.Debug|ARM.Build.0 = Debug|Any CPU
		{610CBB72-76F5-4BF2-A59D-97ED414A9419}.Debug|ARM64.ActiveCfg = Debug|Any CPU
		{610CBB72-76F5-4BF2-A59D-97ED414A9419}.Debug|ARM64.Build.0 = Debug|Any CPU
		{610CBB72-76F5-4BF2-A59D-97ED414A9419}.Debug|x64.ActiveCfg = Debug|Any CPU
		{610CBB72-76F5-4BF2-A59D-97ED414A9419}.Debug|x64.Build.0 = Debug|Any CPU
		{610CBB72-76F5-4BF2-A59D-97ED414A9419}.Debug|x86.ActiveCfg = Debug|Any CPU
		{610CBB72-76F5-4BF2-A59D-97ED414A9419}.Debug|x86.Build.0 = Debug|Any CPU
		{610CBB72-76F5-4BF2-A59D-97ED414A9419}.Release|Any CPU.ActiveCfg = Release|Any CPU
		{610CBB72-76F5-4BF2-A59D-97ED414A9419}.Release|Any CPU.Build.0 = Release|Any CPU
		{610CBB72-76F5-4BF2-A59D-97ED414A9419}.Release|ARM.ActiveCfg = Release|Any CPU
		{610CBB72-76F5-4BF2-A59D-97ED414A9419}.Release|ARM.Build.0 = Release|Any CPU
		{610CBB72-76F5-4BF2-A59D-97ED414A9419}.Release|ARM64.ActiveCfg = Release|Any CPU
		{610CBB72-76F5-4BF2-A59D-97ED414A9419}.Release|ARM64.Build.0 = Release|Any CPU
		{610CBB72-76F5-4BF2-A59D-97ED414A9419}.Release|x64.ActiveCfg = Release|Any CPU
		{610CBB72-76F5-4BF2-A59D-97ED414A9419}.Release|x64.Build.0 = Release|Any CPU
		{610CBB72-76F5-4BF2-A59D-97ED414A9419}.Release|x86.ActiveCfg = Release|Any CPU
		{610CBB72-76F5-4BF2-A59D-97ED414A9419}.Release|x86.Build.0 = Release|Any CPU
		{B97B7D09-0AFF-494D-8B86-B37488490016}.Debug|Any CPU.ActiveCfg = Debug|Any CPU
		{B97B7D09-0AFF-494D-8B86-B37488490016}.Debug|Any CPU.Build.0 = Debug|Any CPU
		{B97B7D09-0AFF-494D-8B86-B37488490016}.Debug|ARM.ActiveCfg = Debug|Any CPU
		{B97B7D09-0AFF-494D-8B86-B37488490016}.Debug|ARM.Build.0 = Debug|Any CPU
		{B97B7D09-0AFF-494D-8B86-B37488490016}.Debug|ARM64.ActiveCfg = Debug|Any CPU
		{B97B7D09-0AFF-494D-8B86-B37488490016}.Debug|ARM64.Build.0 = Debug|Any CPU
		{B97B7D09-0AFF-494D-8B86-B37488490016}.Debug|x64.ActiveCfg = Debug|Any CPU
		{B97B7D09-0AFF-494D-8B86-B37488490016}.Debug|x64.Build.0 = Debug|Any CPU
		{B97B7D09-0AFF-494D-8B86-B37488490016}.Debug|x86.ActiveCfg = Debug|Any CPU
		{B97B7D09-0AFF-494D-8B86-B37488490016}.Debug|x86.Build.0 = Debug|Any CPU
		{B97B7D09-0AFF-494D-8B86-B37488490016}.Release|Any CPU.ActiveCfg = Release|Any CPU
		{B97B7D09-0AFF-494D-8B86-B37488490016}.Release|Any CPU.Build.0 = Release|Any CPU
		{B97B7D09-0AFF-494D-8B86-B37488490016}.Release|ARM.ActiveCfg = Release|Any CPU
		{B97B7D09-0AFF-494D-8B86-B37488490016}.Release|ARM.Build.0 = Release|Any CPU
		{B97B7D09-0AFF-494D-8B86-B37488490016}.Release|ARM64.ActiveCfg = Release|Any CPU
		{B97B7D09-0AFF-494D-8B86-B37488490016}.Release|ARM64.Build.0 = Release|Any CPU
		{B97B7D09-0AFF-494D-8B86-B37488490016}.Release|x64.ActiveCfg = Release|Any CPU
		{B97B7D09-0AFF-494D-8B86-B37488490016}.Release|x64.Build.0 = Release|Any CPU
		{B97B7D09-0AFF-494D-8B86-B37488490016}.Release|x86.ActiveCfg = Release|Any CPU
		{B97B7D09-0AFF-494D-8B86-B37488490016}.Release|x86.Build.0 = Release|Any CPU
	EndGlobalSection
	GlobalSection(SolutionProperties) = preSolution
		HideSolutionNode = FALSE
	EndGlobalSection
	GlobalSection(NestedProjects) = preSolution
		{58B99589-C0A8-44A7-8A89-FCA7842CDE96} = {EAC5E15D-3103-44B8-87C1-BE9B77DA8552}
	EndGlobalSection
	GlobalSection(ExtensibilityGlobals) = postSolution
		SolutionGuid = {6581AC3D-39ED-46D5-99C6-5BA4ED722624}
	EndGlobalSection
EndGlobal
